schema: '2.0'
stages:
  load_data:
    cmd: python src/load_data.py --config=params.yaml
    deps:
    - path: data_given/winequality.csv
      md5: 694e458ef3817832460494c8571d9a6e
      size: 84198
    - path: src/get_data.py
      md5: 970f3e01d27fe4102192d96f969e414e
      size: 631
    - path: src/load_data.py
      md5: a78473934d7b0c7c916943f0a6da3bdc
      size: 653
    outs:
    - path: data/raw/winequality.csv
      md5: 30a29c5a058df7cee98f0edb7274b80f
      size: 84220
  split_data:
    cmd: python src/split_data.py --config=params.yaml
    deps:
    - path: data/raw/winequality.csv
      md5: 30a29c5a058df7cee98f0edb7274b80f
      size: 84220
    - path: src/split_data.py
      md5: 302a991540a0467c62a46fde50977384
      size: 1069
    outs:
    - path: data/processed/test_winequality.csv
      md5: 113fe57a8ff7d0f3420d8a32681d8230
      size: 16952
    - path: data/processed/train_winequality.csv
      md5: 0440a2e26acae403d1f247a40ec063d0
      size: 67459
