schema: '2.0'
stages:
  load_data:
    cmd: python src/load_data.py --config=params.yaml
    deps:
    - path: data_given/winequality.csv
      md5: 2daeecee174368f8a33b82c8cccae3a5
      size: 84199
    - path: src/get_data.py
      md5: 970f3e01d27fe4102192d96f969e414e
      size: 631
    - path: src/load_data.py
      md5: a78473934d7b0c7c916943f0a6da3bdc
      size: 653
    outs:
    - path: data/raw/winequality.csv
      md5: 9f009075028c09600321e67050811e1b
      size: 84221
  split_data:
    cmd: python src/split_data.py --config=params.yaml
    deps:
    - path: data/raw/winequality.csv
      md5: 9f009075028c09600321e67050811e1b
      size: 84221
    - path: src/split_data.py
      md5: 302a991540a0467c62a46fde50977384
      size: 1069
    outs:
    - path: data/processed/test_winequality.csv
      md5: 34195b5a523622c531e51db5ca76bd7e
      size: 16953
    - path: data/processed/train_winequality.csv
      md5: dc8e74412b623be51630d51920a2c15a
      size: 67460
